
Microsoft Visual Studio Solution File, Format Version 12.00
# Visual Studio 15
VisualStudioVersion = 15.0.26124.0
MinimumVisualStudioVersion = 15.0.26124.0
Project("{FAE04EC0-301F-11D3-BF4B-00C04F79EFBC}") = "CSharpClassProject.EmployeesRegister", "CSharpClassProject.EmployeesRegister\CSharpClassProject.EmployeesRegister.csproj", "{9E54C096-D9D1-4F03-838A-4084B997CCC5}"
EndProject
Project("{FAE04EC0-301F-11D3-BF4B-00C04F79EFBC}") = "CSharpClassProject.Ado", "CSharpClassProject.Ado\CSharpClassProject.Ado.csproj", "{6BB88A42-D3E6-4DC7-B00A-720B2E88C10C}"
EndProject
Project("{FAE04EC0-301F-11D3-BF4B-00C04F79EFBC}") = "CSharpClassProject.EfCore", "CSharpClassProject.EfCore\CSharpClassProject.EfCore.csproj", "{F360B893-DF92-428C-A766-FC6D6B8B7EB2}"
EndProject
Project("{FAE04EC0-301F-11D3-BF4B-00C04F79EFBC}") = "CSharpClassProject.ExceptionSample", "CSharpClassProject.ExceptionSample\CSharpClassProject.ExceptionSample.csproj", "{E33AD18C-1E01-4508-90B9-505EC65E33C8}"
EndProject
Project("{FAE04EC0-301F-11D3-BF4B-00C04F79EFBC}") = "CSharpClassProject.RefOutSample", "CSharpClassProject.RefOutSample\CSharpClassProject.RefOutSample.csproj", "{23240D1B-4962-4BF7-95D1-0E1D0D5A864C}"
EndProject
Project("{FAE04EC0-301F-11D3-BF4B-00C04F79EFBC}") = "CSharpClassProject.ReflectionSample", "CSharpClassProject.ReflectionSample\CSharpClassProject.ReflectionSample.csproj", "{0075F64D-DC7C-43BB-8B0B-1E692E727DAE}"
EndProject
Project("{FAE04EC0-301F-11D3-BF4B-00C04F79EFBC}") = "CSharpClassProject.ActionAndFunctionSample", "CSharpClassProject.ActionAndFunctionSample\CSharpClassProject.ActionAndFunctionSample.csproj", "{7A32200B-1F59-4EC1-A0E2-8E5CADE9643E}"
EndProject
Global
	GlobalSection(SolutionConfigurationPlatforms) = preSolution
		Debug|Any CPU = Debug|Any CPU
		Debug|x64 = Debug|x64
		Debug|x86 = Debug|x86
		Release|Any CPU = Release|Any CPU
		Release|x64 = Release|x64
		Release|x86 = Release|x86
	EndGlobalSection
	GlobalSection(SolutionProperties) = preSolution
		HideSolutionNode = FALSE
	EndGlobalSection
	GlobalSection(ProjectConfigurationPlatforms) = postSolution
		{9E54C096-D9D1-4F03-838A-4084B997CCC5}.Debug|Any CPU.ActiveCfg = Debug|Any CPU
		{9E54C096-D9D1-4F03-838A-4084B997CCC5}.Debug|Any CPU.Build.0 = Debug|Any CPU
		{9E54C096-D9D1-4F03-838A-4084B997CCC5}.Debug|x64.ActiveCfg = Debug|Any CPU
		{9E54C096-D9D1-4F03-838A-4084B997CCC5}.Debug|x64.Build.0 = Debug|Any CPU
		{9E54C096-D9D1-4F03-838A-4084B997CCC5}.Debug|x86.ActiveCfg = Debug|Any CPU
		{9E54C096-D9D1-4F03-838A-4084B997CCC5}.Debug|x86.Build.0 = Debug|Any CPU
		{9E54C096-D9D1-4F03-838A-4084B997CCC5}.Release|Any CPU.ActiveCfg = Release|Any CPU
		{9E54C096-D9D1-4F03-838A-4084B997CCC5}.Release|Any CPU.Build.0 = Release|Any CPU
		{9E54C096-D9D1-4F03-838A-4084B997CCC5}.Release|x64.ActiveCfg = Release|Any CPU
		{9E54C096-D9D1-4F03-838A-4084B997CCC5}.Release|x64.Build.0 = Release|Any CPU
		{9E54C096-D9D1-4F03-838A-4084B997CCC5}.Release|x86.ActiveCfg = Release|Any CPU
		{9E54C096-D9D1-4F03-838A-4084B997CCC5}.Release|x86.Build.0 = Release|Any CPU
		{6BB88A42-D3E6-4DC7-B00A-720B2E88C10C}.Debug|Any CPU.ActiveCfg = Debug|Any CPU
		{6BB88A42-D3E6-4DC7-B00A-720B2E88C10C}.Debug|Any CPU.Build.0 = Debug|Any CPU
		{6BB88A42-D3E6-4DC7-B00A-720B2E88C10C}.Debug|x64.ActiveCfg = Debug|Any CPU
		{6BB88A42-D3E6-4DC7-B00A-720B2E88C10C}.Debug|x64.Build.0 = Debug|Any CPU
		{6BB88A42-D3E6-4DC7-B00A-720B2E88C10C}.Debug|x86.ActiveCfg = Debug|Any CPU
		{6BB88A42-D3E6-4DC7-B00A-720B2E88C10C}.Debug|x86.Build.0 = Debug|Any CPU
		{6BB88A42-D3E6-4DC7-B00A-720B2E88C10C}.Release|Any CPU.ActiveCfg = Release|Any CPU
		{6BB88A42-D3E6-4DC7-B00A-720B2E88C10C}.Release|Any CPU.Build.0 = Release|Any CPU
		{6BB88A42-D3E6-4DC7-B00A-720B2E88C10C}.Release|x64.ActiveCfg = Release|Any CPU
		{6BB88A42-D3E6-4DC7-B00A-720B2E88C10C}.Release|x64.Build.0 = Release|Any CPU
		{6BB88A42-D3E6-4DC7-B00A-720B2E88C10C}.Release|x86.ActiveCfg = Release|Any CPU
		{6BB88A42-D3E6-4DC7-B00A-720B2E88C10C}.Release|x86.Build.0 = Release|Any CPU
		{F360B893-DF92-428C-A766-FC6D6B8B7EB2}.Debug|Any CPU.ActiveCfg = Debug|Any CPU
		{F360B893-DF92-428C-A766-FC6D6B8B7EB2}.Debug|Any CPU.Build.0 = Debug|Any CPU
		{F360B893-DF92-428C-A766-FC6D6B8B7EB2}.Debug|x64.ActiveCfg = Debug|Any CPU
		{F360B893-DF92-428C-A766-FC6D6B8B7EB2}.Debug|x64.Build.0 = Debug|Any CPU
		{F360B893-DF92-428C-A766-FC6D6B8B7EB2}.Debug|x86.ActiveCfg = Debug|Any CPU
		{F360B893-DF92-428C-A766-FC6D6B8B7EB2}.Debug|x86.Build.0 = Debug|Any CPU
		{F360B893-DF92-428C-A766-FC6D6B8B7EB2}.Release|Any CPU.ActiveCfg = Release|Any CPU
		{F360B893-DF92-428C-A766-FC6D6B8B7EB2}.Release|Any CPU.Build.0 = Release|Any CPU
		{F360B893-DF92-428C-A766-FC6D6B8B7EB2}.Release|x64.ActiveCfg = Release|Any CPU
		{F360B893-DF92-428C-A766-FC6D6B8B7EB2}.Release|x64.Build.0 = Release|Any CPU
		{F360B893-DF92-428C-A766-FC6D6B8B7EB2}.Release|x86.ActiveCfg = Release|Any CPU
		{F360B893-DF92-428C-A766-FC6D6B8B7EB2}.Release|x86.Build.0 = Release|Any CPU
		{E33AD18C-1E01-4508-90B9-505EC65E33C8}.Debug|Any CPU.ActiveCfg = Debug|Any CPU
		{E33AD18C-1E01-4508-90B9-505EC65E33C8}.Debug|Any CPU.Build.0 = Debug|Any CPU
		{E33AD18C-1E01-4508-90B9-505EC65E33C8}.Debug|x64.ActiveCfg = Debug|Any CPU
		{E33AD18C-1E01-4508-90B9-505EC65E33C8}.Debug|x64.Build.0 = Debug|Any CPU
		{E33AD18C-1E01-4508-90B9-505EC65E33C8}.Debug|x86.ActiveCfg = Debug|Any CPU
		{E33AD18C-1E01-4508-90B9-505EC65E33C8}.Debug|x86.Build.0 = Debug|Any CPU
		{E33AD18C-1E01-4508-90B9-505EC65E33C8}.Release|Any CPU.ActiveCfg = Release|Any CPU
		{E33AD18C-1E01-4508-90B9-505EC65E33C8}.Release|Any CPU.Build.0 = Release|Any CPU
		{E33AD18C-1E01-4508-90B9-505EC65E33C8}.Release|x64.ActiveCfg = Release|Any CPU
		{E33AD18C-1E01-4508-90B9-505EC65E33C8}.Release|x64.Build.0 = Release|Any CPU
		{E33AD18C-1E01-4508-90B9-505EC65E33C8}.Release|x86.ActiveCfg = Release|Any CPU
		{E33AD18C-1E01-4508-90B9-505EC65E33C8}.Release|x86.Build.0 = Release|Any CPU
		{23240D1B-4962-4BF7-95D1-0E1D0D5A864C}.Debug|Any CPU.ActiveCfg = Debug|Any CPU
		{23240D1B-4962-4BF7-95D1-0E1D0D5A864C}.Debug|Any CPU.Build.0 = Debug|Any CPU
		{23240D1B-4962-4BF7-95D1-0E1D0D5A864C}.Debug|x64.ActiveCfg = Debug|Any CPU
		{23240D1B-4962-4BF7-95D1-0E1D0D5A864C}.Debug|x64.Build.0 = Debug|Any CPU
		{23240D1B-4962-4BF7-95D1-0E1D0D5A864C}.Debug|x86.ActiveCfg = Debug|Any CPU
		{23240D1B-4962-4BF7-95D1-0E1D0D5A864C}.Debug|x86.Build.0 = Debug|Any CPU
		{23240D1B-4962-4BF7-95D1-0E1D0D5A864C}.Release|Any CPU.ActiveCfg = Release|Any CPU
		{23240D1B-4962-4BF7-95D1-0E1D0D5A864C}.Release|Any CPU.Build.0 = Release|Any CPU
		{23240D1B-4962-4BF7-95D1-0E1D0D5A864C}.Release|x64.ActiveCfg = Release|Any CPU
		{23240D1B-4962-4BF7-95D1-0E1D0D5A864C}.Release|x64.Build.0 = Release|Any CPU
		{23240D1B-4962-4BF7-95D1-0E1D0D5A864C}.Release|x86.ActiveCfg = Release|Any CPU
		{23240D1B-4962-4BF7-95D1-0E1D0D5A864C}.Release|x86.Build.0 = Release|Any CPU
		{0075F64D-DC7C-43BB-8B0B-1E692E727DAE}.Debug|Any CPU.ActiveCfg = Debug|Any CPU
		{0075F64D-DC7C-43BB-8B0B-1E692E727DAE}.Debug|Any CPU.Build.0 = Debug|Any CPU
		{0075F64D-DC7C-43BB-8B0B-1E692E727DAE}.Debug|x64.ActiveCfg = Debug|Any CPU
		{0075F64D-DC7C-43BB-8B0B-1E692E727DAE}.Debug|x64.Build.0 = Debug|Any CPU
		{0075F64D-DC7C-43BB-8B0B-1E692E727DAE}.Debug|x86.ActiveCfg = Debug|Any CPU
		{0075F64D-DC7C-43BB-8B0B-1E692E727DAE}.Debug|x86.Build.0 = Debug|Any CPU
		{0075F64D-DC7C-43BB-8B0B-1E692E727DAE}.Release|Any CPU.ActiveCfg = Release|Any CPU
		{0075F64D-DC7C-43BB-8B0B-1E692E727DAE}.Release|Any CPU.Build.0 = Release|Any CPU
		{0075F64D-DC7C-43BB-8B0B-1E692E727DAE}.Release|x64.ActiveCfg = Release|Any CPU
		{0075F64D-DC7C-43BB-8B0B-1E692E727DAE}.Release|x64.Build.0 = Release|Any CPU
		{0075F64D-DC7C-43BB-8B0B-1E692E727DAE}.Release|x86.ActiveCfg = Release|Any CPU
		{0075F64D-DC7C-43BB-8B0B-1E692E727DAE}.Release|x86.Build.0 = Release|Any CPU
		{7A32200B-1F59-4EC1-A0E2-8E5CADE9643E}.Debug|Any CPU.ActiveCfg = Debug|Any CPU
		{7A32200B-1F59-4EC1-A0E2-8E5CADE9643E}.Debug|Any CPU.Build.0 = Debug|Any CPU
		{7A32200B-1F59-4EC1-A0E2-8E5CADE9643E}.Debug|x64.ActiveCfg = Debug|Any CPU
		{7A32200B-1F59-4EC1-A0E2-8E5CADE9643E}.Debug|x64.Build.0 = Debug|Any CPU
		{7A32200B-1F59-4EC1-A0E2-8E5CADE9643E}.Debug|x86.ActiveCfg = Debug|Any CPU
		{7A32200B-1F59-4EC1-A0E2-8E5CADE9643E}.Debug|x86.Build.0 = Debug|Any CPU
		{7A32200B-1F59-4EC1-A0E2-8E5CADE9643E}.Release|Any CPU.ActiveCfg = Release|Any CPU
		{7A32200B-1F59-4EC1-A0E2-8E5CADE9643E}.Release|Any CPU.Build.0 = Release|Any CPU
		{7A32200B-1F59-4EC1-A0E2-8E5CADE9643E}.Release|x64.ActiveCfg = Release|Any CPU
		{7A32200B-1F59-4EC1-A0E2-8E5CADE9643E}.Release|x64.Build.0 = Release|Any CPU
		{7A32200B-1F59-4EC1-A0E2-8E5CADE9643E}.Release|x86.ActiveCfg = Release|Any CPU
		{7A32200B-1F59-4EC1-A0E2-8E5CADE9643E}.Release|x86.Build.0 = Release|Any CPU
	EndGlobalSection
EndGlobal
